{
  "name": "fx-demo-node-chat",
  "lockfileVersion": 3,
  "requires": true,
  "packages": {
    "": {
      "name": "fx-demo-node-chat",
      "dependencies": {
        "libfx": "0.0.8"
      },
      "engines": {
        "node": "24.x"
      }
    },
    "node_modules/libfx": {
      "version": "0.0.8",
      "resolved": "https://registry.npmjs.org/libfx/-/libfx-0.0.8.tgz",
      "integrity": "sha512-MvprxHOJTSm1WRHHZmebFDQSAFDhWwwLZokp3xPbWIePCmesZqwd54mRWdhy+Hnb0N0CW9zTPgVhrkUx/h+TjQ==",
      "license": "Apache-2.0",
      "engines": {
        "node": ">=20"
      }
    }
  }
}
